
Microsoft Visual Studio Solution File, Format Version 12.00
# Visual Studio Version 17
VisualStudioVersion = 17.4.33213.308
MinimumVisualStudioVersion = 10.0.40219.1
Project("{2150E333-8FDC-42A3-9474-1A3956D46DE8}") = "Domain", "Domain", "{BE7155A2-754C-422C-B050-3563602E5C52}"
EndProject
Project("{9A19103F-16F7-4668-BE54-9A1E7A4F7556}") = "GSOP.Domain", "GSOP.Domain\GSOP.Domain.csproj", "{99598652-663B-4622-9841-7C895FFFE144}"
EndProject
Project("{9A19103F-16F7-4668-BE54-9A1E7A4F7556}") = "GSOP.Domain.Contracts", "GSOP.Domain.Contracts\GSOP.Domain.Contracts.csproj", "{6A5B2C82-F733-4EB7-A87E-A86980DC9DED}"
EndProject
Project("{9A19103F-16F7-4668-BE54-9A1E7A4F7556}") = "GSOP.Domain.DI", "GSOP.Domain.DI\GSOP.Domain.DI.csproj", "{E705ECC8-E1E5-4DFD-A05B-01AA4656B3C8}"
EndProject
Project("{2150E333-8FDC-42A3-9474-1A3956D46DE8}") = "Infrastructure", "Infrastructure", "{4CCA6F4F-E846-410D-8B28-895F54CE8988}"
EndProject
Project("{2150E333-8FDC-42A3-9474-1A3956D46DE8}") = "DataAccess", "DataAccess", "{98F723C8-7174-4ECA-80FB-DC6ABE7B921D}"
EndProject
Project("{9A19103F-16F7-4668-BE54-9A1E7A4F7556}") = "GSOP.Infrastructure.DataAccess", "GSOP.Infrastructure.DataAccess\GSOP.Infrastructure.DataAccess.csproj", "{CEABF9E8-8EB0-49CA-9008-59680BC6BFEF}"
EndProject
Project("{9A19103F-16F7-4668-BE54-9A1E7A4F7556}") = "GSOP.Infrastructure.DataAccess.Contracts", "GSOP.Infrastructure.DataAccess.Contracts\GSOP.Infrastructure.DataAccess.Contracts.csproj", "{FAB430A2-7004-4F55-B30E-44C24DE7B1CC}"
EndProject
Project("{9A19103F-16F7-4668-BE54-9A1E7A4F7556}") = "GSOP.Infrastructure.DataAccess.DI", "GSOP.Infrastructure.DataAccess.DI\GSOP.Infrastructure.DataAccess.DI.csproj", "{2E1EE9FA-64AB-491B-A7CC-158820BAFC55}"
EndProject
Project("{2150E333-8FDC-42A3-9474-1A3956D46DE8}") = "Interfaces", "Interfaces", "{2346A4F6-33E5-41A5-BB09-A1BF2285298A}"
EndProject
Project("{9A19103F-16F7-4668-BE54-9A1E7A4F7556}") = "GSOP.Interfaces.API", "GSOP.Interfaces.API\GSOP.Interfaces.API.csproj", "{24CD0B55-32AC-4224-919A-7031C463F954}"
EndProject
Project("{2150E333-8FDC-42A3-9474-1A3956D46DE8}") = "Application", "Application", "{698751A8-3B99-4E43-B526-9BA4F6ADAA98}"
EndProject
Project("{9A19103F-16F7-4668-BE54-9A1E7A4F7556}") = "GSOP.Application", "GSOP.Application\GSOP.Application.csproj", "{F0BCA0F4-3679-429B-8ABA-79352D058085}"
EndProject
Project("{9A19103F-16F7-4668-BE54-9A1E7A4F7556}") = "GSOP.Application.Contracts", "GSOP.Application.Contracts\GSOP.Application.Contracts.csproj", "{2524F751-ADDF-4930-8C4E-3EA1C33135DC}"
EndProject
Project("{9A19103F-16F7-4668-BE54-9A1E7A4F7556}") = "GSOP.Application.DI", "GSOP.Application.DI\GSOP.Application.DI.csproj", "{CB854F69-BAEC-4744-980E-92114A7939F8}"
EndProject
Project("{9A19103F-16F7-4668-BE54-9A1E7A4F7556}") = "GSOP.Domain.Test", "GSOP.Domain.Test\GSOP.Domain.Test.csproj", "{9513A31A-8487-439A-B5C7-D430F5287203}"
EndProject
Project("{9A19103F-16F7-4668-BE54-9A1E7A4F7556}") = "GSOP.Interfaces.API.Test.Integrations", "GSOP.Interfaces.API.Test.Integrations\GSOP.Interfaces.API.Test.Integrations.csproj", "{FB82CF11-6689-4234-8229-542E49153B02}"
EndProject
Project("{2150E333-8FDC-42A3-9474-1A3956D46DE8}") = "Solution Items", "Solution Items", "{FF04AD3A-922B-4B10-818A-D5DC9592598B}"
	ProjectSection(SolutionItems) = preProject
		.editorconfig = .editorconfig
	EndProjectSection
EndProject
Global
	GlobalSection(SolutionConfigurationPlatforms) = preSolution
		Debug|Any CPU = Debug|Any CPU
		Release|Any CPU = Release|Any CPU
	EndGlobalSection
	GlobalSection(ProjectConfigurationPlatforms) = postSolution
		{99598652-663B-4622-9841-7C895FFFE144}.Debug|Any CPU.ActiveCfg = Debug|Any CPU
		{99598652-663B-4622-9841-7C895FFFE144}.Debug|Any CPU.Build.0 = Debug|Any CPU
		{99598652-663B-4622-9841-7C895FFFE144}.Release|Any CPU.ActiveCfg = Release|Any CPU
		{99598652-663B-4622-9841-7C895FFFE144}.Release|Any CPU.Build.0 = Release|Any CPU
		{6A5B2C82-F733-4EB7-A87E-A86980DC9DED}.Debug|Any CPU.ActiveCfg = Debug|Any CPU
		{6A5B2C82-F733-4EB7-A87E-A86980DC9DED}.Debug|Any CPU.Build.0 = Debug|Any CPU
		{6A5B2C82-F733-4EB7-A87E-A86980DC9DED}.Release|Any CPU.ActiveCfg = Release|Any CPU
		{6A5B2C82-F733-4EB7-A87E-A86980DC9DED}.Release|Any CPU.Build.0 = Release|Any CPU
		{E705ECC8-E1E5-4DFD-A05B-01AA4656B3C8}.Debug|Any CPU.ActiveCfg = Debug|Any CPU
		{E705ECC8-E1E5-4DFD-A05B-01AA4656B3C8}.Debug|Any CPU.Build.0 = Debug|Any CPU
		{E705ECC8-E1E5-4DFD-A05B-01AA4656B3C8}.Release|Any CPU.ActiveCfg = Release|Any CPU
		{E705ECC8-E1E5-4DFD-A05B-01AA4656B3C8}.Release|Any CPU.Build.0 = Release|Any CPU
		{CEABF9E8-8EB0-49CA-9008-59680BC6BFEF}.Debug|Any CPU.ActiveCfg = Debug|Any CPU
		{CEABF9E8-8EB0-49CA-9008-59680BC6BFEF}.Debug|Any CPU.Build.0 = Debug|Any CPU
		{CEABF9E8-8EB0-49CA-9008-59680BC6BFEF}.Release|Any CPU.ActiveCfg = Release|Any CPU
		{CEABF9E8-8EB0-49CA-9008-59680BC6BFEF}.Release|Any CPU.Build.0 = Release|Any CPU
		{FAB430A2-7004-4F55-B30E-44C24DE7B1CC}.Debug|Any CPU.ActiveCfg = Debug|Any CPU
		{FAB430A2-7004-4F55-B30E-44C24DE7B1CC}.Debug|Any CPU.Build.0 = Debug|Any CPU
		{FAB430A2-7004-4F55-B30E-44C24DE7B1CC}.Release|Any CPU.ActiveCfg = Release|Any CPU
		{FAB430A2-7004-4F55-B30E-44C24DE7B1CC}.Release|Any CPU.Build.0 = Release|Any CPU
		{2E1EE9FA-64AB-491B-A7CC-158820BAFC55}.Debug|Any CPU.ActiveCfg = Debug|Any CPU
		{2E1EE9FA-64AB-491B-A7CC-158820BAFC55}.Debug|Any CPU.Build.0 = Debug|Any CPU
		{2E1EE9FA-64AB-491B-A7CC-158820BAFC55}.Release|Any CPU.ActiveCfg = Release|Any CPU
		{2E1EE9FA-64AB-491B-A7CC-158820BAFC55}.Release|Any CPU.Build.0 = Release|Any CPU
		{24CD0B55-32AC-4224-919A-7031C463F954}.Debug|Any CPU.ActiveCfg = Debug|Any CPU
		{24CD0B55-32AC-4224-919A-7031C463F954}.Debug|Any CPU.Build.0 = Debug|Any CPU
		{24CD0B55-32AC-4224-919A-7031C463F954}.Release|Any CPU.ActiveCfg = Release|Any CPU
		{24CD0B55-32AC-4224-919A-7031C463F954}.Release|Any CPU.Build.0 = Release|Any CPU
		{F0BCA0F4-3679-429B-8ABA-79352D058085}.Debug|Any CPU.ActiveCfg = Debug|Any CPU
		{F0BCA0F4-3679-429B-8ABA-79352D058085}.Debug|Any CPU.Build.0 = Debug|Any CPU
		{F0BCA0F4-3679-429B-8ABA-79352D058085}.Release|Any CPU.ActiveCfg = Release|Any CPU
		{F0BCA0F4-3679-429B-8ABA-79352D058085}.Release|Any CPU.Build.0 = Release|Any CPU
		{2524F751-ADDF-4930-8C4E-3EA1C33135DC}.Debug|Any CPU.ActiveCfg = Debug|Any CPU
		{2524F751-ADDF-4930-8C4E-3EA1C33135DC}.Debug|Any CPU.Build.0 = Debug|Any CPU
		{2524F751-ADDF-4930-8C4E-3EA1C33135DC}.Release|Any CPU.ActiveCfg = Release|Any CPU
		{2524F751-ADDF-4930-8C4E-3EA1C33135DC}.Release|Any CPU.Build.0 = Release|Any CPU
		{CB854F69-BAEC-4744-980E-92114A7939F8}.Debug|Any CPU.ActiveCfg = Debug|Any CPU
		{CB854F69-BAEC-4744-980E-92114A7939F8}.Debug|Any CPU.Build.0 = Debug|Any CPU
		{CB854F69-BAEC-4744-980E-92114A7939F8}.Release|Any CPU.ActiveCfg = Release|Any CPU
		{CB854F69-BAEC-4744-980E-92114A7939F8}.Release|Any CPU.Build.0 = Release|Any CPU
		{9513A31A-8487-439A-B5C7-D430F5287203}.Debug|Any CPU.ActiveCfg = Debug|Any CPU
		{9513A31A-8487-439A-B5C7-D430F5287203}.Debug|Any CPU.Build.0 = Debug|Any CPU
		{9513A31A-8487-439A-B5C7-D430F5287203}.Release|Any CPU.ActiveCfg = Release|Any CPU
		{9513A31A-8487-439A-B5C7-D430F5287203}.Release|Any CPU.Build.0 = Release|Any CPU
		{FB82CF11-6689-4234-8229-542E49153B02}.Debug|Any CPU.ActiveCfg = Debug|Any CPU
		{FB82CF11-6689-4234-8229-542E49153B02}.Debug|Any CPU.Build.0 = Debug|Any CPU
		{FB82CF11-6689-4234-8229-542E49153B02}.Release|Any CPU.ActiveCfg = Release|Any CPU
		{FB82CF11-6689-4234-8229-542E49153B02}.Release|Any CPU.Build.0 = Release|Any CPU
	EndGlobalSection
	GlobalSection(SolutionProperties) = preSolution
		HideSolutionNode = FALSE
	EndGlobalSection
	GlobalSection(NestedProjects) = preSolution
		{99598652-663B-4622-9841-7C895FFFE144} = {BE7155A2-754C-422C-B050-3563602E5C52}
		{6A5B2C82-F733-4EB7-A87E-A86980DC9DED} = {BE7155A2-754C-422C-B050-3563602E5C52}
		{E705ECC8-E1E5-4DFD-A05B-01AA4656B3C8} = {BE7155A2-754C-422C-B050-3563602E5C52}
		{98F723C8-7174-4ECA-80FB-DC6ABE7B921D} = {4CCA6F4F-E846-410D-8B28-895F54CE8988}
		{CEABF9E8-8EB0-49CA-9008-59680BC6BFEF} = {98F723C8-7174-4ECA-80FB-DC6ABE7B921D}
		{FAB430A2-7004-4F55-B30E-44C24DE7B1CC} = {98F723C8-7174-4ECA-80FB-DC6ABE7B921D}
		{2E1EE9FA-64AB-491B-A7CC-158820BAFC55} = {98F723C8-7174-4ECA-80FB-DC6ABE7B921D}
		{24CD0B55-32AC-4224-919A-7031C463F954} = {2346A4F6-33E5-41A5-BB09-A1BF2285298A}
		{F0BCA0F4-3679-429B-8ABA-79352D058085} = {698751A8-3B99-4E43-B526-9BA4F6ADAA98}
		{2524F751-ADDF-4930-8C4E-3EA1C33135DC} = {698751A8-3B99-4E43-B526-9BA4F6ADAA98}
		{CB854F69-BAEC-4744-980E-92114A7939F8} = {698751A8-3B99-4E43-B526-9BA4F6ADAA98}
		{9513A31A-8487-439A-B5C7-D430F5287203} = {BE7155A2-754C-422C-B050-3563602E5C52}
		{FB82CF11-6689-4234-8229-542E49153B02} = {2346A4F6-33E5-41A5-BB09-A1BF2285298A}
	EndGlobalSection
	GlobalSection(ExtensibilityGlobals) = postSolution
		SolutionGuid = {AA3147E1-2764-452A-9D62-971DFC94E779}
	EndGlobalSection
EndGlobal
